// !$*UTF8*$!
{
	archiveVersion = 1;
	classes = {
	};
	objectVersion = 46;
	objects = {

/* Begin PBXBuildFile section */
		4A5D713E1E4BFEEC00619322 /* LaunchScreen.storyboard in Resources */ = {isa = PBXBuildFile; fileRef = 4AAF61861E27CECC00482255 /* LaunchScreen.storyboard */; };
		4A5D713F1E4BFEF700619322 /* Main.storyboard in Resources */ = {isa = PBXBuildFile; fileRef = 4AAF61811E27CECC00482255 /* Main.storyboard */; };
		4A5D715E1E4C04BE00619322 /* CDCropBottomView.xib in Resources */ = {isa = PBXBuildFile; fileRef = 4A5D715C1E4C04BE00619322 /* CDCropBottomView.xib */; };
		4A5D715F1E4C04BE00619322 /* CDCropView.xib in Resources */ = {isa = PBXBuildFile; fileRef = 4A5D715D1E4C04BE00619322 /* CDCropView.xib */; };
		4A5D71611E4C05AD00619322 /* CDCropBottomView.swift in Sources */ = {isa = PBXBuildFile; fileRef = 4A5D71601E4C05AD00619322 /* CDCropBottomView.swift */; };
		4A972D5B1E2886F4006B4BF5 /* CDCropScrollView.swift in Sources */ = {isa = PBXBuildFile; fileRef = 4A972D5A1E2886F4006B4BF5 /* CDCropScrollView.swift */; };
		4A9AEE791E292FF500FD81A5 /* CDCropBorderView.swift in Sources */ = {isa = PBXBuildFile; fileRef = 4A9AEE781E292FF500FD81A5 /* CDCropBorderView.swift */; };
		4AAF617E1E27CECC00482255 /* AppDelegate.swift in Sources */ = {isa = PBXBuildFile; fileRef = 4AAF617D1E27CECC00482255 /* AppDelegate.swift */; };
		4AAF61801E27CECC00482255 /* ViewController.swift in Sources */ = {isa = PBXBuildFile; fileRef = 4AAF617F1E27CECC00482255 /* ViewController.swift */; };
		4AAF61851E27CECC00482255 /* Assets.xcassets in Resources */ = {isa = PBXBuildFile; fileRef = 4AAF61841E27CECC00482255 /* Assets.xcassets */; };
		4AAF61911E27CF7100482255 /* CDCropImageController.swift in Sources */ = {isa = PBXBuildFile; fileRef = 4AAF61901E27CF7100482255 /* CDCropImageController.swift */; };
		4AAF61951E27D01400482255 /* CDCropView.swift in Sources */ = {isa = PBXBuildFile; fileRef = 4AAF61941E27D01400482255 /* CDCropView.swift */; };
		4AC277561E27DF0100C59E00 /* CDCropPathView.swift in Sources */ = {isa = PBXBuildFile; fileRef = 4AC277551E27DF0100C59E00 /* CDCropPathView.swift */; };
		4AE6A3B01E4C738000200654 /* image.jpg in Resources */ = {isa = PBXBuildFile; fileRef = 4AE6A3AF1E4C738000200654 /* image.jpg */; };
		55DE38ACA9EA63C182349605 /* Pods_CropImage.framework in Frameworks */ = {isa = PBXBuildFile; fileRef = 008070CA30037D7F313F03B0 /* Pods_CropImage.framework */; };
/* End PBXBuildFile section */

/* Begin PBXFileReference section */
		008070CA30037D7F313F03B0 /* Pods_CropImage.framework */ = {isa = PBXFileReference; explicitFileType = wrapper.framework; includeInIndex = 0; path = Pods_CropImage.framework; sourceTree = BUILT_PRODUCTS_DIR; };
		15B922CF4CD8787FD4489F96 /* Pods-CropImage.debug.xcconfig */ = {isa = PBXFileReference; includeInIndex = 1; lastKnownFileType = text.xcconfig; name = "Pods-CropImage.debug.xcconfig"; path = "Pods/Target Support Files/Pods-CropImage/Pods-CropImage.debug.xcconfig"; sourceTree = "<group>"; };
		323F5FFDCC443193F9FA94F7 /* Pods-CropImage.release.xcconfig */ = {isa = PBXFileReference; includeInIndex = 1; lastKnownFileType = text.xcconfig; name = "Pods-CropImage.release.xcconfig"; path = "Pods/Target Support Files/Pods-CropImage/Pods-CropImage.release.xcconfig"; sourceTree = "<group>"; };
		4A5D715C1E4C04BE00619322 /* CDCropBottomView.xib */ = {isa = PBXFileReference; fileEncoding = 4; lastKnownFileType = file.xib; path = CDCropBottomView.xib; sourceTree = "<group>"; };
		4A5D715D1E4C04BE00619322 /* CDCropView.xib */ = {isa = PBXFileReference; fileEncoding = 4; lastKnownFileType = file.xib; path = CDCropView.xib; sourceTree = "<group>"; };
		4A5D71601E4C05AD00619322 /* CDCropBottomView.swift */ = {isa = PBXFileReference; fileEncoding = 4; lastKnownFileType = sourcecode.swift; path = CDCropBottomView.swift; sourceTree = "<group>"; };
		4A972D5A1E2886F4006B4BF5 /* CDCropScrollView.swift */ = {isa = PBXFileReference; fileEncoding = 4; lastKnownFileType = sourcecode.swift; path = CDCropScrollView.swift; sourceTree = "<group>"; };
		4A9AEE781E292FF500FD81A5 /* CDCropBorderView.swift */ = {isa = PBXFileReference; fileEncoding = 4; lastKnownFileType = sourcecode.swift; path = CDCropBorderView.swift; sourceTree = "<group>"; };
		4AAF617A1E27CECC00482255 /* CropImage.app */ = {isa = PBXFileReference; explicitFileType = wrapper.application; includeInIndex = 0; path = CropImage.app; sourceTree = BUILT_PRODUCTS_DIR; };
		4AAF617D1E27CECC00482255 /* AppDelegate.swift */ = {isa = PBXFileReference; lastKnownFileType = sourcecode.swift; path = AppDelegate.swift; sourceTree = "<group>"; };
		4AAF617F1E27CECC00482255 /* ViewController.swift */ = {isa = PBXFileReference; lastKnownFileType = sourcecode.swift; path = ViewController.swift; sourceTree = "<group>"; };
		4AAF61821E27CECC00482255 /* Base */ = {isa = PBXFileReference; lastKnownFileType = file.storyboard; name = Base; path = Base.lproj/Main.storyboard; sourceTree = "<group>"; };
		4AAF61841E27CECC00482255 /* Assets.xcassets */ = {isa = PBXFileReference; lastKnownFileType = folder.assetcatalog; path = Assets.xcassets; sourceTree = "<group>"; };
		4AAF61871E27CECC00482255 /* Base */ = {isa = PBXFileReference; lastKnownFileType = file.storyboard; name = Base; path = Base.lproj/LaunchScreen.storyboard; sourceTree = "<group>"; };
		4AAF61891E27CECC00482255 /* Info.plist */ = {isa = PBXFileReference; lastKnownFileType = text.plist.xml; path = Info.plist; sourceTree = "<group>"; };
		4AAF61901E27CF7100482255 /* CDCropImageController.swift */ = {isa = PBXFileReference; fileEncoding = 4; lastKnownFileType = sourcecode.swift; path = CDCropImageController.swift; sourceTree = "<group>"; };
		4AAF61941E27D01400482255 /* CDCropView.swift */ = {isa = PBXFileReference; fileEncoding = 4; lastKnownFileType = sourcecode.swift; path = CDCropView.swift; sourceTree = "<group>"; };
		4AC277551E27DF0100C59E00 /* CDCropPathView.swift */ = {isa = PBXFileReference; fileEncoding = 4; lastKnownFileType = sourcecode.swift; path = CDCropPathView.swift; sourceTree = "<group>"; };
		4ACD19041E2861E1003F33E6 /* BridgeHeaderFile.h */ = {isa = PBXFileReference; lastKnownFileType = sourcecode.c.h; path = BridgeHeaderFile.h; sourceTree = "<group>"; };
		4AE6A3AF1E4C738000200654 /* image.jpg */ = {isa = PBXFileReference; lastKnownFileType = image.jpeg; path = image.jpg; sourceTree = "<group>"; };
/* End PBXFileReference section */

/* Begin PBXFrameworksBuildPhase section */
		4AAF61771E27CECC00482255 /* Frameworks */ = {
			isa = PBXFrameworksBuildPhase;
			buildActionMask = 2147483647;
			files = (
				55DE38ACA9EA63C182349605 /* Pods_CropImage.framework in Frameworks */,
			);
			runOnlyForDeploymentPostprocessing = 0;
		};
/* End PBXFrameworksBuildPhase section */

/* Begin PBXGroup section */
		277AD786789C9B9B46706385 /* Frameworks */ = {
			isa = PBXGroup;
			children = (
				008070CA30037D7F313F03B0 /* Pods_CropImage.framework */,
			);
			name = Frameworks;
			sourceTree = "<group>";
		};
		4AAF61711E27CECC00482255 = {
			isa = PBXGroup;
			children = (
				4AAF617C1E27CECC00482255 /* CropImage */,
				4AAF617B1E27CECC00482255 /* Products */,
				DD3B6B28B2371FBF0D6A05E2 /* Pods */,
				277AD786789C9B9B46706385 /* Frameworks */,
			);
			sourceTree = "<group>";
		};
		4AAF617B1E27CECC00482255 /* Products */ = {
			isa = PBXGroup;
			children = (
				4AAF617A1E27CECC00482255 /* CropImage.app */,
			);
			name = Products;
			sourceTree = "<group>";
		};
		4AAF617C1E27CECC00482255 /* CropImage */ = {
			isa = PBXGroup;
			children = (
				4AAF617D1E27CECC00482255 /* AppDelegate.swift */,
				4AAF617F1E27CECC00482255 /* ViewController.swift */,
				4AE6A3AF1E4C738000200654 /* image.jpg */,
				4AAF618F1E27CF5700482255 /* CropImageController */,
				4AAF61811E27CECC00482255 /* Main.storyboard */,
				4AAF61841E27CECC00482255 /* Assets.xcassets */,
				4AAF61861E27CECC00482255 /* LaunchScreen.storyboard */,
				4ACD19041E2861E1003F33E6 /* BridgeHeaderFile.h */,
				4AAF61891E27CECC00482255 /* Info.plist */,
			);
			path = CropImage;
			sourceTree = "<group>";
		};
		4AAF618F1E27CF5700482255 /* CropImageController */ = {
			isa = PBXGroup;
			children = (
				4AAF61901E27CF7100482255 /* CDCropImageController.swift */,
				4A5D715D1E4C04BE00619322 /* CDCropView.xib */,
				4AAF61941E27D01400482255 /* CDCropView.swift */,
				4A5D715C1E4C04BE00619322 /* CDCropBottomView.xib */,
				4A5D71601E4C05AD00619322 /* CDCropBottomView.swift */,
				4A9AEE781E292FF500FD81A5 /* CDCropBorderView.swift */,
				4AC277551E27DF0100C59E00 /* CDCropPathView.swift */,
				4A972D5A1E2886F4006B4BF5 /* CDCropScrollView.swift */,
			);
			path = CropImageController;
			sourceTree = "<group>";
		};
		DD3B6B28B2371FBF0D6A05E2 /* Pods */ = {
			isa = PBXGroup;
			children = (
				15B922CF4CD8787FD4489F96 /* Pods-CropImage.debug.xcconfig */,
				323F5FFDCC443193F9FA94F7 /* Pods-CropImage.release.xcconfig */,
			);
			name = Pods;
			sourceTree = "<group>";
		};
/* End PBXGroup section */

/* Begin PBXNativeTarget section */
		4AAF61791E27CECC00482255 /* CropImage */ = {
			isa = PBXNativeTarget;
			buildConfigurationList = 4AAF618C1E27CECC00482255 /* Build configuration list for PBXNativeTarget "CropImage" */;
			buildPhases = (
				DF994AF41EFDB7172DCC7E00 /* [CP] Check Pods Manifest.lock */,
				4AAF61761E27CECC00482255 /* Sources */,
				4AAF61771E27CECC00482255 /* Frameworks */,
				4AAF61781E27CECC00482255 /* Resources */,
				10FC22CAD5BAFFC61E56997F /* [CP] Embed Pods Frameworks */,
				69FB072028B093BEF9882F5F /* [CP] Copy Pods Resources */,
			);
			buildRules = (
			);
			dependencies = (
			);
			name = CropImage;
			productName = CropImage;
			productReference = 4AAF617A1E27CECC00482255 /* CropImage.app */;
			productType = "com.apple.product-type.application";
		};
/* End PBXNativeTarget section */

/* Begin PBXProject section */
		4AAF61721E27CECC00482255 /* Project object */ = {
			isa = PBXProject;
			attributes = {
				LastSwiftUpdateCheck = 0810;
				LastUpgradeCheck = 0810;
				ORGANIZATIONNAME = Trinity;
				TargetAttributes = {
					4AAF61791E27CECC00482255 = {
						CreatedOnToolsVersion = 8.1;
						DevelopmentTeam = 4GM649GA4F;
						ProvisioningStyle = Automatic;
					};
				};
			};
			buildConfigurationList = 4AAF61751E27CECC00482255 /* Build configuration list for PBXProject "CropImage" */;
			compatibilityVersion = "Xcode 3.2";
			developmentRegion = English;
			hasScannedForEncodings = 0;
			knownRegions = (
				en,
				Base,
			);
			mainGroup = 4AAF61711E27CECC00482255;
			productRefGroup = 4AAF617B1E27CECC00482255 /* Products */;
			projectDirPath = "";
			projectRoot = "";
			targets = (
				4AAF61791E27CECC00482255 /* CropImage */,
			);
		};
/* End PBXProject section */

/* Begin PBXResourcesBuildPhase section */
		4AAF61781E27CECC00482255 /* Resources */ = {
			isa = PBXResourcesBuildPhase;
			buildActionMask = 2147483647;
			files = (
				4AE6A3B01E4C738000200654 /* image.jpg in Resources */,
				4A5D713F1E4BFEF700619322 /* Main.storyboard in Resources */,
				4A5D713E1E4BFEEC00619322 /* LaunchScreen.storyboard in Resources */,
				4A5D715F1E4C04BE00619322 /* CDCropView.xib in Resources */,
				4A5D715E1E4C04BE00619322 /* CDCropBottomView.xib in Resources */,
				4AAF61851E27CECC00482255 /* Assets.xcassets in Resources */,
			);
			runOnlyForDeploymentPostprocessing = 0;
		};
/* End PBXResourcesBuildPhase section */

/* Begin PBXShellScriptBuildPhase section */
		10FC22CAD5BAFFC61E56997F /* [CP] Embed Pods Frameworks */ = {
			isa = PBXShellScriptBuildPhase;
			buildActionMask = 2147483647;
			files = (
			);
			inputPaths = (
			);
			name = "[CP] Embed Pods Frameworks";
			outputPaths = (
			);
			runOnlyForDeploymentPostprocessing = 0;
			shellPath = /bin/sh;
			shellScript = "\"${SRCROOT}/Pods/Target Support Files/Pods-CropImage/Pods-CropImage-frameworks.sh\"\n";
			showEnvVarsInLog = 0;
		};
		69FB072028B093BEF9882F5F /* [CP] Copy Pods Resources */ = {
			isa = PBXShellScriptBuildPhase;
			buildActionMask = 2147483647;
			files = (
			);
			inputPaths = (
			);
			name = "[CP] Copy Pods Resources";
			outputPaths = (
			);
			runOnlyForDeploymentPostprocessing = 0;
			shellPath = /bin/sh;
			shellScript = "\"${SRCROOT}/Pods/Target Support Files/Pods-CropImage/Pods-CropImage-resources.sh\"\n";
			showEnvVarsInLog = 0;
		};
		DF994AF41EFDB7172DCC7E00 /* [CP] Check Pods Manifest.lock */ = {
			isa = PBXShellScriptBuildPhase;
			buildActionMask = 2147483647;
			files = (
			);
			inputPaths = (
			);
			name = "[CP] Check Pods Manifest.lock";
			outputPaths = (
			);
			runOnlyForDeploymentPostprocessing = 0;
			shellPath = /bin/sh;
			shellScript = "diff \"${PODS_ROOT}/../Podfile.lock\" \"${PODS_ROOT}/Manifest.lock\" > /dev/null\nif [ $? != 0 ] ; then\n    # print error to STDERR\n    echo \"error: The sandbox is not in sync with the Podfile.lock. Run 'pod install' or update your CocoaPods installation.\" >&2\n    exit 1\nfi\n";
			showEnvVarsInLog = 0;
		};
/* End PBXShellScriptBuildPhase section */

/* Begin PBXSourcesBuildPhase section */
		4AAF61761E27CECC00482255 /* Sources */ = {
			isa = PBXSourcesBuildPhase;
			buildActionMask = 2147483647;
			files = (
				4AAF61801E27CECC00482255 /* ViewController.swift in Sources */,
				4AAF61951E27D01400482255 /* CDCropView.swift in Sources */,
				4AC277561E27DF0100C59E00 /* CDCropPathView.swift in Sources */,
				4A972D5B1E2886F4006B4BF5 /* CDCropScrollView.swift in Sources */,
				4AAF617E1E27CECC00482255 /* AppDelegate.swift in Sources */,
				4A9AEE791E292FF500FD81A5 /* CDCropBorderView.swift in Sources */,
				4A5D71611E4C05AD00619322 /* CDCropBottomView.swift in Sources */,
				4AAF61911E27CF7100482255 /* CDCropImageController.swift in Sources */,
			);
			runOnlyForDeploymentPostprocessing = 0;
		};
/* End PBXSourcesBuildPhase section */

/* Begin PBXVariantGroup section */
		4AAF61811E27CECC00482255 /* Main.storyboard */ = {
			isa = PBXVariantGroup;
			children = (
				4AAF61821E27CECC00482255 /* Base */,
			);
			name = Main.storyboard;
			sourceTree = "<group>";
		};
		4AAF61861E27CECC00482255 /* LaunchScreen.storyboard */ = {
			isa = PBXVariantGroup;
			children = (
				4AAF61871E27CECC00482255 /* Base */,
			);
			name = LaunchScreen.storyboard;
			sourceTree = "<group>";
		};
/* End PBXVariantGroup section */

/* Begin XCBuildConfiguration section */
		4AAF618A1E27CECC00482255 /* Debug */ = {
			isa = XCBuildConfiguration;
			buildSettings = {
				ALWAYS_SEARCH_USER_PATHS = NO;
				CLANG_ANALYZER_NONNULL = YES;
				CLANG_CXX_LANGUAGE_STANDARD = "gnu++0x";
				CLANG_CXX_LIBRARY = "libc++";
				CLANG_ENABLE_MODULES = YES;
				CLANG_ENABLE_OBJC_ARC = YES;
				CLANG_WARN_BOOL_CONVERSION = YES;
				CLANG_WARN_CONSTANT_CONVERSION = YES;
				CLANG_WARN_DIRECT_OBJC_ISA_USAGE = YES_ERROR;
				CLANG_WARN_DOCUMENTATION_COMMENTS = YES;
				CLANG_WARN_EMPTY_BODY = YES;
				CLANG_WARN_ENUM_CONVERSION = YES;
				CLANG_WARN_INFINITE_RECURSION = YES;
				CLANG_WARN_INT_CONVERSION = YES;
				CLANG_WARN_OBJC_ROOT_CLASS = YES_ERROR;
				CLANG_WARN_SUSPICIOUS_MOVES = YES;
				CLANG_WARN_UNREACHABLE_CODE = YES;
				CLANG_WARN__DUPLICATE_METHOD_MATCH = YES;
				"CODE_SIGN_IDENTITY[sdk=iphoneos*]" = "iPhone Developer";
				COPY_PHASE_STRIP = NO;
				DEBUG_INFORMATION_FORMAT = dwarf;
				ENABLE_STRICT_OBJC_MSGSEND = YES;
				ENABLE_TESTABILITY = YES;
				GCC_C_LANGUAGE_STANDARD = gnu99;
				GCC_DYNAMIC_NO_PIC = NO;
				GCC_NO_COMMON_BLOCKS = YES;
				GCC_OPTIMIZATION_LEVEL = 0;
				GCC_PREPROCESSOR_DEFINITIONS = (
					"DEBUG=1",
					"$(inherited)",
				);
				GCC_WARN_64_TO_32_BIT_CONVERSION = YES;
				GCC_WARN_ABOUT_RETURN_TYPE = YES_ERROR;
				GCC_WARN_UNDECLARED_SELECTOR = YES;
				GCC_WARN_UNINITIALIZED_AUTOS = YES_AGGRESSIVE;
				GCC_WARN_UNUSED_FUNCTION = YES;
				GCC_WARN_UNUSED_VARIABLE = YES;
				IPHONEOS_DEPLOYMENT_TARGET = 8.0;
				MTL_ENABLE_DEBUG_INFO = YES;
				ONLY_ACTIVE_ARCH = YES;
				SDKROOT = iphoneos;
				SWIFT_ACTIVE_COMPILATION_CONDITIONS = DEBUG;
				SWIFT_OBJC_BRIDGING_HEADER = "$(SRCROOT)/CropImage/BridgeHeaderFile.h";
				SWIFT_OPTIMIZATION_LEVEL = "-Onone";
				TARGETED_DEVICE_FAMILY = "1,2";
			};
			name = Debug;
		};
		4AAF618B1E27CECC00482255 /* Release */ = {
			isa = XCBuildConfiguration;
			buildSettings = {
				ALWAYS_SEARCH_USER_PATHS = NO;
				CLANG_ANALYZER_NONNULL = YES;
				CLANG_CXX_LANGUAGE_STANDARD = "gnu++0x";
				CLANG_CXX_LIBRARY = "libc++";
				CLANG_ENABLE_MODULES = YES;
				CLANG_ENABLE_OBJC_ARC = YES;
				CLANG_WARN_BOOL_CONVERSION = YES;
				CLANG_WARN_CONSTANT_CONVERSION = YES;
				CLANG_WARN_DIRECT_OBJC_ISA_USAGE = YES_ERROR;
				CLANG_WARN_DOCUMENTATION_COMMENTS = YES;
				CLANG_WARN_EMPTY_BODY = YES;
				CLANG_WARN_ENUM_CONVERSION = YES;
				CLANG_WARN_INFINITE_RECURSION = YES;
				CLANG_WARN_INT_CONVERSION = YES;
				CLANG_WARN_OBJC_ROOT_CLASS = YES_ERROR;
				CLANG_WARN_SUSPICIOUS_MOVES = YES;
				CLANG_WARN_UNREACHABLE_CODE = YES;
				CLANG_WARN__DUPLICATE_METHOD_MATCH = YES;
				"CODE_SIGN_IDENTITY[sdk=iphoneos*]" = "iPhone Developer";
				COPY_PHASE_STRIP = NO;
				DEBUG_INFORMATION_FORMAT = "dwarf-with-dsym";
				ENABLE_NS_ASSERTIONS = NO;
				ENABLE_STRICT_OBJC_MSGSEND = YES;
				GCC_C_LANGUAGE_STANDARD = gnu99;
				GCC_NO_COMMON_BLOCKS = YES;
				GCC_WARN_64_TO_32_BIT_CONVERSION = YES;
				GCC_WARN_ABOUT_RETURN_TYPE = YES_ERROR;
				GCC_WARN_UNDECLARED_SELECTOR = YES;
				GCC_WARN_UNINITIALIZED_AUTOS = YES_AGGRESSIVE;
				GCC_WARN_UNUSED_FUNCTION = YES;
				GCC_WARN_UNUSED_VARIABLE = YES;
				IPHONEOS_DEPLOYMENT_TARGET = 8.0;
				MTL_ENABLE_DEBUG_INFO = NO;
				SDKROOT = iphoneos;
				SWIFT_OBJC_BRIDGING_HEADER = "$(SRCROOT)/CropImage/BridgeHeaderFile.h";
				SWIFT_OPTIMIZATION_LEVEL = "-Owholemodule";
				TARGETED_DEVICE_FAMILY = "1,2";
				VALIDATE_PRODUCT = YES;
			};
			name = Release;
		};
		4AAF618D1E27CECC00482255 /* Debug */ = {
			isa = XCBuildConfiguration;
			baseConfigurationReference = 15B922CF4CD8787FD4489F96 /* Pods-CropImage.debug.xcconfig */;
			buildSettings = {
				ASSETCATALOG_COMPILER_APPICON_NAME = AppIcon;
				DEVELOPMENT_TEAM = 4GM649GA4F;
				INFOPLIST_FILE = CropImage/Info.plist;
				LD_RUNPATH_SEARCH_PATHS = "$(inherited) @executable_path/Frameworks";
				PRODUCT_BUNDLE_IDENTIFIER = Darwin.CropImage;
				PRODUCT_NAME = "$(TARGET_NAME)";
				SWIFT_VERSION = 3.0;
			};
			name = Debug;
		};
		4AAF618E1E27CECC00482255 /* Release */ = {
			isa = XCBuildConfiguration;
			baseConfigurationReference = 323F5FFDCC443193F9FA94F7 /* Pods-CropImage.release.xcconfig */;
			buildSettings = {
				ASSETCATALOG_COMPILER_APPICON_NAME = AppIcon;
				DEVELOPMENT_TEAM = 4GM649GA4F;
				INFOPLIST_FILE = CropImage/Info.plist;
				LD_RUNPATH_SEARCH_PATHS = "$(inherited) @executable_path/Frameworks";
				PRODUCT_BUNDLE_IDENTIFIER = Darwin.CropImage;
				PRODUCT_NAME = "$(TARGET_NAME)";
				SWIFT_VERSION = 3.0;
			};
			name = Release;
		};
/* End XCBuildConfiguration section */

/* Begin XCConfigurationList section */
		4AAF61751E27CECC00482255 /* Build configuration list for PBXProject "CropImage" */ = {
			isa = XCConfigurationList;
			buildConfigurations = (
				4AAF618A1E27CECC00482255 /* Debug */,
				4AAF618B1E27CECC00482255 /* Release */,
			);
			defaultConfigurationIsVisible = 0;
			defaultConfigurationName = Release;
		};
		4AAF618C1E27CECC00482255 /* Build configuration list for PBXNativeTarget "CropImage" */ = {
			isa = XCConfigurationList;
			buildConfigurations = (
				4AAF618D1E27CECC00482255 /* Debug */,
				4AAF618E1E27CECC00482255 /* Release */,
			);
			defaultConfigurationIsVisible = 0;
			defaultConfigurationName = Release;
		};
/* End XCConfigurationList section */
	};
	rootObject = 4AAF61721E27CECC00482255 /* Project object */;
}
